Microsoft Visual Studio Solution File, Format Version 12.00
# Visual Studio Version 17
VisualStudioVersion = 17.14.36518.9 d17.14
MinimumVisualStudioVersion = 10.0.40219.1
Project("{FAE04EC0-301F-11D3-BF4B-00C04F79EFBC}") = "Aspire.AppHost", "Aspire.AppHost\Aspire.AppHost.csproj", "{1C1BCAA2-8C4F-4FDA-9BF3-724224CB7434}"
EndProject
Project("{FAE04EC0-301F-11D3-BF4B-00C04F79EFBC}") = "Aspire.ServiceDefaults", "Aspire.ServiceDefaults\Aspire.ServiceDefaults.csproj", "{90640AB5-B40F-EB9A-9160-59682C5D022E}"
EndProject
Global
	GlobalSection(SolutionConfigurationPlatforms) = preSolution
		Debug|Any CPU = Debug|Any CPU
		Release|Any CPU = Release|Any CPU
	EndGlobalSection
	GlobalSection(ProjectConfigurationPlatforms) = postSolution
		{1C1BCAA2-8C4F-4FDA-9BF3-724224CB7434}.Debug|Any CPU.ActiveCfg = Debug|Any CPU
		{1C1BCAA2-8C4F-4FDA-9BF3-724224CB7434}.Debug|Any CPU.Build.0 = Debug|Any CPU
		{1C1BCAA2-8C4F-4FDA-9BF3-724224CB7434}.Release|Any CPU.ActiveCfg = Release|Any CPU
		{1C1BCAA2-8C4F-4FDA-9BF3-724224CB7434}.Release|Any CPU.Build.0 = Release|Any CPU
		{90640AB5-B40F-EB9A-9160-59682C5D022E}.Debug|Any CPU.ActiveCfg = Debug|Any CPU
		{90640AB5-B40F-EB9A-9160-59682C5D022E}.Debug|Any CPU.Build.0 = Debug|Any CPU
		{90640AB5-B40F-EB9A-9160-59682C5D022E}.Release|Any CPU.ActiveCfg = Release|Any CPU
		{90640AB5-B40F-EB9A-9160-59682C5D022E}.Release|Any CPU.Build.0 = Release|Any CPU
	EndGlobalSection
	GlobalSection(SolutionProperties) = preSolution
		HideSolutionNode = FALSE
	EndGlobalSection
	GlobalSection(ExtensibilityGlobals) = postSolution
		SolutionGuid = {15BFF1CB-BA4D-453E-83A1-3B3ADF7FB999}
	EndGlobalSection
EndGlobal
